
Microsoft Visual Studio Solution File, Format Version 12.00
# Visual Studio Version 17
VisualStudioVersion = 17.6.33723.286
MinimumVisualStudioVersion = 10.0.40219.1
Project("{FAE04EC0-301F-11D3-BF4B-00C04F79EFBC}") = "LibraryAPI", "LibraryAPI.csproj", "{8ABECE56-596E-4CCA-A5D7-B69CAC910475}"
EndProject
Project("{FAE04EC0-301F-11D3-BF4B-00C04F79EFBC}") = "LibraryMVC", "..\LibraryMVC\LibraryMVC.csproj", "{84D891AF-2F8E-4CCA-85F2-8B094F01B6A3}"
	ProjectSection(ProjectDependencies) = postProject
		{8ABECE56-596E-4CCA-A5D7-B69CAC910475} = {8ABECE56-596E-4CCA-A5D7-B69CAC910475}
	EndProjectSection
EndProject
Global
	GlobalSection(SolutionConfigurationPlatforms) = preSolution
		Debug|Any CPU = Debug|Any CPU
		Release|Any CPU = Release|Any CPU
	EndGlobalSection
	GlobalSection(ProjectConfigurationPlatforms) = postSolution
		{8ABECE56-596E-4CCA-A5D7-B69CAC910475}.Debug|Any CPU.ActiveCfg = Debug|Any CPU
		{8ABECE56-596E-4CCA-A5D7-B69CAC910475}.Debug|Any CPU.Build.0 = Debug|Any CPU
		{8ABECE56-596E-4CCA-A5D7-B69CAC910475}.Release|Any CPU.ActiveCfg = Release|Any CPU
		{8ABECE56-596E-4CCA-A5D7-B69CAC910475}.Release|Any CPU.Build.0 = Release|Any CPU
		{84D891AF-2F8E-4CCA-85F2-8B094F01B6A3}.Debug|Any CPU.ActiveCfg = Debug|Any CPU
		{84D891AF-2F8E-4CCA-85F2-8B094F01B6A3}.Debug|Any CPU.Build.0 = Debug|Any CPU
		{84D891AF-2F8E-4CCA-85F2-8B094F01B6A3}.Release|Any CPU.ActiveCfg = Release|Any CPU
		{84D891AF-2F8E-4CCA-85F2-8B094F01B6A3}.Release|Any CPU.Build.0 = Release|Any CPU
	EndGlobalSection
	GlobalSection(SolutionProperties) = preSolution
		HideSolutionNode = FALSE
	EndGlobalSection
	GlobalSection(ExtensibilityGlobals) = postSolution
		SolutionGuid = {4FF8679C-D22A-4C96-8991-3F6474F77106}
	EndGlobalSection
EndGlobal
